{
  "name": "kafka-topic-provider",
  "version": "1.0.0",
  "lockfileVersion": 1,
  "requires": true,
  "dependencies": {
    "@types/aws-lambda": {
      "version": "8.10.101",
      "resolved": "https://registry.npmjs.org/@types/aws-lambda/-/aws-lambda-8.10.101.tgz",
      "integrity": "sha512-84geGyVc0H9P9aGbcg/vkDh5akJq0bEf3tizHNR2d1gcm0wsp9IZ/SW6rPxvgjJFi3OeVxDc8WTKCAjoZbogzg==",
      "dev": true
    },
    "@types/cfn-response": {
      "version": "1.0.5",
      "resolved": "https://registry.npmjs.org/@types/cfn-response/-/cfn-response-1.0.5.tgz",
      "integrity": "sha512-CG4X/S8jXbNv+wZfCMl3dgrTBEPaIhxSO4PT2vKoZPXy2Z0E+QlPw7TeRFgCAhbT5IhQNaas5PDobWcJk5kpGg==",
      "dev": true,
      "requires": {
        "@types/aws-lambda": "*"
      }
    },
    "cfn-response": {
      "version": "1.0.1",
      "resolved": "https://registry.npmjs.org/cfn-response/-/cfn-response-1.0.1.tgz",
      "integrity": "sha512-mHfgHUcGpIbmioV/gQ//5V+b8em/ZKFwAgzmbycflJ1q0AU66wlhIgarkYc4JXGgIca+0lxg+XEKO4ZwyZedaw=="
    },
    "dayjs": {
      "version": "1.10.4",
      "resolved": "https://registry.npmjs.org/dayjs/-/dayjs-1.10.4.tgz",
      "integrity": "sha512-RI/Hh4kqRc1UKLOAf/T5zdMMX5DQIlDxwUe3wSyMMnEbGunnpENCdbUgM+dW7kXidZqCttBrmw7BhN4TMddkCw=="
    },
    "kafkajs": {
      "version": "1.15.0",
      "resolved": "https://registry.npmjs.org/kafkajs/-/kafkajs-1.15.0.tgz",
      "integrity": "sha512-yjPyEnQCkPxAuQLIJnY5dI+xnmmgXmhuOQ1GVxClG5KTOV/rJcW1qA3UfvyEJKTp/RTSqQnUR3HJsKFvHyTpNg=="
    }
  }
}
